
Microsoft Visual Studio Solution File, Format Version 12.00
# Visual Studio Version 17
VisualStudioVersion = 17.11.35327.3
MinimumVisualStudioVersion = 10.0.40219.1
Project("{8BC9CEB8-8B4A-11D0-8D11-00A0C91BC942}") = "Diffie", "Deffi\Deffi.vcxproj", "{322278FF-9AE4-4E75-82A8-34BC1850E3CB}"
EndProject
Project("{8BC9CEB8-8B4A-11D0-8D11-00A0C91BC942}") = "Alice", "Alice\Alice.vcxproj", "{8CAF354C-F6D0-4B29-A61E-12BFEEBD5F35}"
EndProject
Project("{8BC9CEB8-8B4A-11D0-8D11-00A0C91BC942}") = "Bob", "Bob\Bob.vcxproj", "{4D8B7A9B-476E-4DC2-B3E2-11BDB07D7B9A}"
EndProject
Project("{8BC9CEB8-8B4A-11D0-8D11-00A0C91BC942}") = "Eve", "Eve\Eve.vcxproj", "{F42F1CA8-58AB-4D51-9746-2ACE74F485EF}"
EndProject
Global
	GlobalSection(SolutionConfigurationPlatforms) = preSolution
		Debug|x64 = Debug|x64
		Debug|x86 = Debug|x86
		Release|x64 = Release|x64
		Release|x86 = Release|x86
	EndGlobalSection
	GlobalSection(ProjectConfigurationPlatforms) = postSolution
		{322278FF-9AE4-4E75-82A8-34BC1850E3CB}.Debug|x64.ActiveCfg = Debug|x64
		{322278FF-9AE4-4E75-82A8-34BC1850E3CB}.Debug|x64.Build.0 = Debug|x64
		{322278FF-9AE4-4E75-82A8-34BC1850E3CB}.Debug|x86.ActiveCfg = Debug|Win32
		{322278FF-9AE4-4E75-82A8-34BC1850E3CB}.Debug|x86.Build.0 = Debug|Win32
		{322278FF-9AE4-4E75-82A8-34BC1850E3CB}.Release|x64.ActiveCfg = Release|x64
		{322278FF-9AE4-4E75-82A8-34BC1850E3CB}.Release|x64.Build.0 = Release|x64
		{322278FF-9AE4-4E75-82A8-34BC1850E3CB}.Release|x86.ActiveCfg = Release|Win32
		{322278FF-9AE4-4E75-82A8-34BC1850E3CB}.Release|x86.Build.0 = Release|Win32
		{8CAF354C-F6D0-4B29-A61E-12BFEEBD5F35}.Debug|x64.ActiveCfg = Debug|x64
		{8CAF354C-F6D0-4B29-A61E-12BFEEBD5F35}.Debug|x64.Build.0 = Debug|x64
		{8CAF354C-F6D0-4B29-A61E-12BFEEBD5F35}.Debug|x86.ActiveCfg = Debug|Win32
		{8CAF354C-F6D0-4B29-A61E-12BFEEBD5F35}.Debug|x86.Build.0 = Debug|Win32
		{8CAF354C-F6D0-4B29-A61E-12BFEEBD5F35}.Release|x64.ActiveCfg = Release|x64
		{8CAF354C-F6D0-4B29-A61E-12BFEEBD5F35}.Release|x64.Build.0 = Release|x64
		{8CAF354C-F6D0-4B29-A61E-12BFEEBD5F35}.Release|x86.ActiveCfg = Release|Win32
		{8CAF354C-F6D0-4B29-A61E-12BFEEBD5F35}.Release|x86.Build.0 = Release|Win32
		{4D8B7A9B-476E-4DC2-B3E2-11BDB07D7B9A}.Debug|x64.ActiveCfg = Debug|x64
		{4D8B7A9B-476E-4DC2-B3E2-11BDB07D7B9A}.Debug|x64.Build.0 = Debug|x64
		{4D8B7A9B-476E-4DC2-B3E2-11BDB07D7B9A}.Debug|x86.ActiveCfg = Debug|Win32
		{4D8B7A9B-476E-4DC2-B3E2-11BDB07D7B9A}.Debug|x86.Build.0 = Debug|Win32
		{4D8B7A9B-476E-4DC2-B3E2-11BDB07D7B9A}.Release|x64.ActiveCfg = Release|x64
		{4D8B7A9B-476E-4DC2-B3E2-11BDB07D7B9A}.Release|x64.Build.0 = Release|x64
		{4D8B7A9B-476E-4DC2-B3E2-11BDB07D7B9A}.Release|x86.ActiveCfg = Release|Win32
		{4D8B7A9B-476E-4DC2-B3E2-11BDB07D7B9A}.Release|x86.Build.0 = Release|Win32
		{F42F1CA8-58AB-4D51-9746-2ACE74F485EF}.Debug|x64.ActiveCfg = Debug|x64
		{F42F1CA8-58AB-4D51-9746-2ACE74F485EF}.Debug|x64.Build.0 = Debug|x64
		{F42F1CA8-58AB-4D51-9746-2ACE74F485EF}.Debug|x86.ActiveCfg = Debug|Win32
		{F42F1CA8-58AB-4D51-9746-2ACE74F485EF}.Debug|x86.Build.0 = Debug|Win32
		{F42F1CA8-58AB-4D51-9746-2ACE74F485EF}.Release|x64.ActiveCfg = Release|x64
		{F42F1CA8-58AB-4D51-9746-2ACE74F485EF}.Release|x64.Build.0 = Release|x64
		{F42F1CA8-58AB-4D51-9746-2ACE74F485EF}.Release|x86.ActiveCfg = Release|Win32
		{F42F1CA8-58AB-4D51-9746-2ACE74F485EF}.Release|x86.Build.0 = Release|Win32
	EndGlobalSection
	GlobalSection(SolutionProperties) = preSolution
		HideSolutionNode = FALSE
	EndGlobalSection
	GlobalSection(ExtensibilityGlobals) = postSolution
		SolutionGuid = {160834A6-5AF1-49D9-8E2F-A20C32DC5EAF}
	EndGlobalSection
EndGlobal
